
Microsoft Visual Studio Solution File, Format Version 12.00
# Visual Studio Version 17
VisualStudioVersion = 17.0.32126.317
MinimumVisualStudioVersion = 10.0.40219.1
Project("{FAE04EC0-301F-11D3-BF4B-00C04F79EFBC}") = "Projeto12", "Projeto12\Projeto12.csproj", "{1BFFB600-E1BC-4D05-A057-46AACACD8A5E}"
EndProject
Global
	GlobalSection(SolutionConfigurationPlatforms) = preSolution
		Debug|Any CPU = Debug|Any CPU
		Release|Any CPU = Release|Any CPU
	EndGlobalSection
	GlobalSection(ProjectConfigurationPlatforms) = postSolution
		{1BFFB600-E1BC-4D05-A057-46AACACD8A5E}.Debug|Any CPU.ActiveCfg = Debug|Any CPU
		{1BFFB600-E1BC-4D05-A057-46AACACD8A5E}.Debug|Any CPU.Build.0 = Debug|Any CPU
		{1BFFB600-E1BC-4D05-A057-46AACACD8A5E}.Release|Any CPU.ActiveCfg = Release|Any CPU
		{1BFFB600-E1BC-4D05-A057-46AACACD8A5E}.Release|Any CPU.Build.0 = Release|Any CPU
	EndGlobalSection
	GlobalSection(SolutionProperties) = preSolution
		HideSolutionNode = FALSE
	EndGlobalSection
	GlobalSection(ExtensibilityGlobals) = postSolution
		SolutionGuid = {5BCFB890-EC21-4A58-8656-9544167FB456}
	EndGlobalSection
EndGlobal
